// !$*UTF8*$!
{
	archiveVersion = 1;
	classes = {
	};
	objectVersion = 50;
	objects = {

/* Begin PBXBuildFile section */
		50287F3E20A6A979007EF7B0 /* AppDelegate.swift in Sources */ = {isa = PBXBuildFile; fileRef = 50287F3D20A6A979007EF7B0 /* AppDelegate.swift */; };
		50287F4020A6A979007EF7B0 /* FirstViewController.swift in Sources */ = {isa = PBXBuildFile; fileRef = 50287F3F20A6A979007EF7B0 /* FirstViewController.swift */; };
		50287F4220A6A979007EF7B0 /* SecondViewController.swift in Sources */ = {isa = PBXBuildFile; fileRef = 50287F4120A6A979007EF7B0 /* SecondViewController.swift */; };
		50287F4520A6A979007EF7B0 /* Main.storyboard in Resources */ = {isa = PBXBuildFile; fileRef = 50287F4320A6A979007EF7B0 /* Main.storyboard */; };
		50287F4720A6A989007EF7B0 /* Assets.xcassets in Resources */ = {isa = PBXBuildFile; fileRef = 50287F4620A6A989007EF7B0 /* Assets.xcassets */; };
		50287F4A20A6A989007EF7B0 /* LaunchScreen.storyboard in Resources */ = {isa = PBXBuildFile; fileRef = 50287F4820A6A989007EF7B0 /* LaunchScreen.storyboard */; };
/* End PBXBuildFile section */

/* Begin PBXFileReference section */
		50287F3A20A6A979007EF7B0 /* AppCameraRecorder.app */ = {isa = PBXFileReference; explicitFileType = wrapper.application; includeInIndex = 0; path = AppCameraRecorder.app; sourceTree = BUILT_PRODUCTS_DIR; };
		50287F3D20A6A979007EF7B0 /* AppDelegate.swift */ = {isa = PBXFileReference; lastKnownFileType = sourcecode.swift; path = AppDelegate.swift; sourceTree = "<group>"; };
		50287F3F20A6A979007EF7B0 /* FirstViewController.swift */ = {isa = PBXFileReference; lastKnownFileType = sourcecode.swift; path = FirstViewController.swift; sourceTree = "<group>"; };
		50287F4120A6A979007EF7B0 /* SecondViewController.swift */ = {isa = PBXFileReference; lastKnownFileType = sourcecode.swift; path = SecondViewController.swift; sourceTree = "<group>"; };
		50287F4420A6A979007EF7B0 /* Base */ = {isa = PBXFileReference; lastKnownFileType = file.storyboard; name = Base; path = Base.lproj/Main.storyboard; sourceTree = "<group>"; };
		50287F4620A6A989007EF7B0 /* Assets.xcassets */ = {isa = PBXFileReference; lastKnownFileType = folder.assetcatalog; path = Assets.xcassets; sourceTree = "<group>"; };
		50287F4920A6A989007EF7B0 /* Base */ = {isa = PBXFileReference; lastKnownFileType = file.storyboard; name = Base; path = Base.lproj/LaunchScreen.storyboard; sourceTree = "<group>"; };
		50287F4B20A6A989007EF7B0 /* Info.plist */ = {isa = PBXFileReference; lastKnownFileType = text.plist.xml; path = Info.plist; sourceTree = "<group>"; };
/* End PBXFileReference section */

/* Begin PBXFrameworksBuildPhase section */
		50287F3720A6A979007EF7B0 /* Frameworks */ = {
			isa = PBXFrameworksBuildPhase;
			buildActionMask = 2147483647;
			files = (
			);
			runOnlyForDeploymentPostprocessing = 0;
		};
/* End PBXFrameworksBuildPhase section */

/* Begin PBXGroup section */
		50287F3120A6A979007EF7B0 = {
			isa = PBXGroup;
			children = (
				50287F3C20A6A979007EF7B0 /* AppCameraRecorder */,
				50287F3B20A6A979007EF7B0 /* Products */,
			);
			sourceTree = "<group>";
		};
		50287F3B20A6A979007EF7B0 /* Products */ = {
			isa = PBXGroup;
			children = (
				50287F3A20A6A979007EF7B0 /* AppCameraRecorder.app */,
			);
			name = Products;
			sourceTree = "<group>";
		};
		50287F3C20A6A979007EF7B0 /* AppCameraRecorder */ = {
			isa = PBXGroup;
			children = (
				50287F3D20A6A979007EF7B0 /* AppDelegate.swift */,
				50287F3F20A6A979007EF7B0 /* FirstViewController.swift */,
				50287F4120A6A979007EF7B0 /* SecondViewController.swift */,
				50287F4320A6A979007EF7B0 /* Main.storyboard */,
				50287F4620A6A989007EF7B0 /* Assets.xcassets */,
				50287F4820A6A989007EF7B0 /* LaunchScreen.storyboard */,
				50287F4B20A6A989007EF7B0 /* Info.plist */,
			);
			path = AppCameraRecorder;
			sourceTree = "<group>";
		};
/* End PBXGroup section */

/* Begin PBXNativeTarget section */
		50287F3920A6A979007EF7B0 /* AppCameraRecorder */ = {
			isa = PBXNativeTarget;
			buildConfigurationList = 50287F4E20A6A989007EF7B0 /* Build configuration list for PBXNativeTarget "AppCameraRecorder" */;
			buildPhases = (
				50287F3620A6A979007EF7B0 /* Sources */,
				50287F3720A6A979007EF7B0 /* Frameworks */,
				50287F3820A6A979007EF7B0 /* Resources */,
			);
			buildRules = (
			);
			dependencies = (
			);
			name = AppCameraRecorder;
			productName = AppCameraRecorder;
			productReference = 50287F3A20A6A979007EF7B0 /* AppCameraRecorder.app */;
			productType = "com.apple.product-type.application";
		};
/* End PBXNativeTarget section */

/* Begin PBXProject section */
		50287F3220A6A979007EF7B0 /* Project object */ = {
			isa = PBXProject;
			attributes = {
				LastSwiftUpdateCheck = 0930;
				LastUpgradeCheck = 0930;
				ORGANIZATIONNAME = "Jessica Fitzgerald";
				TargetAttributes = {
					50287F3920A6A979007EF7B0 = {
						CreatedOnToolsVersion = 9.3.1;
					};
				};
			};
			buildConfigurationList = 50287F3520A6A979007EF7B0 /* Build configuration list for PBXProject "AppCameraRecorder" */;
			compatibilityVersion = "Xcode 9.3";
			developmentRegion = en;
			hasScannedForEncodings = 0;
			knownRegions = (
				en,
				Base,
			);
			mainGroup = 50287F3120A6A979007EF7B0;
			productRefGroup = 50287F3B20A6A979007EF7B0 /* Products */;
			projectDirPath = "";
			projectRoot = "";
			targets = (
				50287F3920A6A979007EF7B0 /* AppCameraRecorder */,
			);
		};
/* End PBXProject section */

/* Begin PBXResourcesBuildPhase section */
		50287F3820A6A979007EF7B0 /* Resources */ = {
			isa = PBXResourcesBuildPhase;
			buildActionMask = 2147483647;
			files = (
				50287F4A20A6A989007EF7B0 /* LaunchScreen.storyboard in Resources */,
				50287F4720A6A989007EF7B0 /* Assets.xcassets in Resources */,
				50287F4520A6A979007EF7B0 /* Main.storyboard in Resources */,
			);
			runOnlyForDeploymentPostprocessing = 0;
		};
/* End PBXResourcesBuildPhase section */

/* Begin PBXSourcesBuildPhase section */
		50287F3620A6A979007EF7B0 /* Sources */ = {
			isa = PBXSourcesBuildPhase;
			buildActionMask = 2147483647;
			files = (
				50287F4220A6A979007EF7B0 /* SecondViewController.swift in Sources */,
				50287F3E20A6A979007EF7B0 /* AppDelegate.swift in Sources */,
				50287F4020A6A979007EF7B0 /* FirstViewController.swift in Sources */,
			);
			runOnlyForDeploymentPostprocessing = 0;
		};
/* End PBXSourcesBuildPhase section */

/* Begin PBXVariantGroup section */
		50287F4320A6A979007EF7B0 /* Main.storyboard */ = {
			isa = PBXVariantGroup;
			children = (
				50287F4420A6A979007EF7B0 /* Base */,
			);
			name = Main.storyboard;
			sourceTree = "<group>";
		};
		50287F4820A6A989007EF7B0 /* LaunchScreen.storyboard */ = {
			isa = PBXVariantGroup;
			children = (
				50287F4920A6A989007EF7B0 /* Base */,
			);
			name = LaunchScreen.storyboard;
			sourceTree = "<group>";
		};
/* End PBXVariantGroup section */

/* Begin XCBuildConfiguration section */
		50287F4C20A6A989007EF7B0 /* Debug */ = {
			isa = XCBuildConfiguration;
			buildSettings = {
				ALWAYS_SEARCH_USER_PATHS = NO;
				CLANG_ANALYZER_NONNULL = YES;
				CLANG_ANALYZER_NUMBER_OBJECT_CONVERSION = YES_AGGRESSIVE;
				CLANG_CXX_LANGUAGE_STANDARD = "gnu++14";
				CLANG_CXX_LIBRARY = "libc++";
				CLANG_ENABLE_MODULES = YES;
				CLANG_ENABLE_OBJC_ARC = YES;
				CLANG_ENABLE_OBJC_WEAK = YES;
				CLANG_WARN_BLOCK_CAPTURE_AUTORELEASING = YES;
				CLANG_WARN_BOOL_CONVERSION = YES;
				CLANG_WARN_COMMA = YES;
				CLANG_WARN_CONSTANT_CONVERSION = YES;
				CLANG_WARN_DEPRECATED_OBJC_IMPLEMENTATIONS = YES;
				CLANG_WARN_DIRECT_OBJC_ISA_USAGE = YES_ERROR;
				CLANG_WARN_DOCUMENTATION_COMMENTS = YES;
				CLANG_WARN_EMPTY_BODY = YES;
				CLANG_WARN_ENUM_CONVERSION = YES;
				CLANG_WARN_INFINITE_RECURSION = YES;
				CLANG_WARN_INT_CONVERSION = YES;
				CLANG_WARN_NON_LITERAL_NULL_CONVERSION = YES;
				CLANG_WARN_OBJC_IMPLICIT_RETAIN_SELF = YES;
				CLANG_WARN_OBJC_LITERAL_CONVERSION = YES;
				CLANG_WARN_OBJC_ROOT_CLASS = YES_ERROR;
				CLANG_WARN_RANGE_LOOP_ANALYSIS = YES;
				CLANG_WARN_STRICT_PROTOTYPES = YES;
				CLANG_WARN_SUSPICIOUS_MOVE = YES;
				CLANG_WARN_UNGUARDED_AVAILABILITY = YES_AGGRESSIVE;
				CLANG_WARN_UNREACHABLE_CODE = YES;
				CLANG_WARN__DUPLICATE_METHOD_MATCH = YES;
				CODE_SIGN_IDENTITY = "iPhone Developer";
				COPY_PHASE_STRIP = NO;
				DEBUG_INFORMATION_FORMAT = dwarf;
				ENABLE_STRICT_OBJC_MSGSEND = YES;
				ENABLE_TESTABILITY = YES;
				GCC_C_LANGUAGE_STANDARD = gnu11;
				GCC_DYNAMIC_NO_PIC = NO;
				GCC_NO_COMMON_BLOCKS = YES;
				GCC_OPTIMIZATION_LEVEL = 0;
				GCC_PREPROCESSOR_DEFINITIONS = (
					"DEBUG=1",
					"$(inherited)",
				);
				GCC_WARN_64_TO_32_BIT_CONVERSION = YES;
				GCC_WARN_ABOUT_RETURN_TYPE = YES_ERROR;
				GCC_WARN_UNDECLARED_SELECTOR = YES;
				GCC_WARN_UNINITIALIZED_AUTOS = YES_AGGRESSIVE;
				GCC_WARN_UNUSED_FUNCTION = YES;
				GCC_WARN_UNUSED_VARIABLE = YES;
				IPHONEOS_DEPLOYMENT_TARGET = 11.3;
				MTL_ENABLE_DEBUG_INFO = YES;
				ONLY_ACTIVE_ARCH = YES;
				SDKROOT = iphoneos;
				SWIFT_ACTIVE_COMPILATION_CONDITIONS = DEBUG;
				SWIFT_OPTIMIZATION_LEVEL = "-Onone";
			};
			name = Debug;
		};
		50287F4D20A6A989007EF7B0 /* Release */ = {
			isa = XCBuildConfiguration;
			buildSettings = {
				ALWAYS_SEARCH_USER_PATHS = NO;
				CLANG_ANALYZER_NONNULL = YES;
				CLANG_ANALYZER_NUMBER_OBJECT_CONVERSION = YES_AGGRESSIVE;
				CLANG_CXX_LANGUAGE_STANDARD = "gnu++14";
				CLANG_CXX_LIBRARY = "libc++";
				CLANG_ENABLE_MODULES = YES;
				CLANG_ENABLE_OBJC_ARC = YES;
				CLANG_ENABLE_OBJC_WEAK = YES;
				CLANG_WARN_BLOCK_CAPTURE_AUTORELEASING = YES;
				CLANG_WARN_BOOL_CONVERSION = YES;
				CLANG_WARN_COMMA = YES;
				CLANG_WARN_CONSTANT_CONVERSION = YES;
				CLANG_WARN_DEPRECATED_OBJC_IMPLEMENTATIONS = YES;
				CLANG_WARN_DIRECT_OBJC_ISA_USAGE = YES_ERROR;
				CLANG_WARN_DOCUMENTATION_COMMENTS = YES;
				CLANG_WARN_EMPTY_BODY = YES;
				CLANG_WARN_ENUM_CONVERSION = YES;
				CLANG_WARN_INFINITE_RECURSION = YES;
				CLANG_WARN_INT_CONVERSION = YES;
				CLANG_WARN_NON_LITERAL_NULL_CONVERSION = YES;
				CLANG_WARN_OBJC_IMPLICIT_RETAIN_SELF = YES;
				CLANG_WARN_OBJC_LITERAL_CONVERSION = YES;
				CLANG_WARN_OBJC_ROOT_CLASS = YES_ERROR;
				CLANG_WARN_RANGE_LOOP_ANALYSIS = YES;
				CLANG_WARN_STRICT_PROTOTYPES = YES;
				CLANG_WARN_SUSPICIOUS_MOVE = YES;
				CLANG_WARN_UNGUARDED_AVAILABILITY = YES_AGGRESSIVE;
				CLANG_WARN_UNREACHABLE_CODE = YES;
				CLANG_WARN__DUPLICATE_METHOD_MATCH = YES;
				CODE_SIGN_IDENTITY = "iPhone Developer";
				COPY_PHASE_STRIP = NO;
				DEBUG_INFORMATION_FORMAT = "dwarf-with-dsym";
				ENABLE_NS_ASSERTIONS = NO;
				ENABLE_STRICT_OBJC_MSGSEND = YES;
				GCC_C_LANGUAGE_STANDARD = gnu11;
				GCC_NO_COMMON_BLOCKS = YES;
				GCC_WARN_64_TO_32_BIT_CONVERSION = YES;
				GCC_WARN_ABOUT_RETURN_TYPE = YES_ERROR;
				GCC_WARN_UNDECLARED_SELECTOR = YES;
				GCC_WARN_UNINITIALIZED_AUTOS = YES_AGGRESSIVE;
				GCC_WARN_UNUSED_FUNCTION = YES;
				GCC_WARN_UNUSED_VARIABLE = YES;
				IPHONEOS_DEPLOYMENT_TARGET = 11.3;
				MTL_ENABLE_DEBUG_INFO = NO;
				SDKROOT = iphoneos;
				SWIFT_COMPILATION_MODE = wholemodule;
				SWIFT_OPTIMIZATION_LEVEL = "-O";
				VALIDATE_PRODUCT = YES;
			};
			name = Release;
		};
		50287F4F20A6A989007EF7B0 /* Debug */ = {
			isa = XCBuildConfiguration;
			buildSettings = {
				ASSETCATALOG_COMPILER_APPICON_NAME = AppIcon;
				CODE_SIGN_STYLE = Automatic;
				DEVELOPMENT_TEAM = 24SM6522LU;
				INFOPLIST_FILE = AppCameraRecorder/Info.plist;
				LD_RUNPATH_SEARCH_PATHS = (
					"$(inherited)",
					"@executable_path/Frameworks",
				);
				PRODUCT_BUNDLE_IDENTIFIER = edu.au.deakin.215268758.AppCameraRecorder;
				PRODUCT_NAME = "$(TARGET_NAME)";
				SWIFT_VERSION = 4.0;
				TARGETED_DEVICE_FAMILY = "1,2";
			};
			name = Debug;
		};
		50287F5020A6A989007EF7B0 /* Release */ = {
			isa = XCBuildConfiguration;
			buildSettings = {
				ASSETCATALOG_COMPILER_APPICON_NAME = AppIcon;
				CODE_SIGN_STYLE = Automatic;
				DEVELOPMENT_TEAM = 24SM6522LU;
				INFOPLIST_FILE = AppCameraRecorder/Info.plist;
				LD_RUNPATH_SEARCH_PATHS = (
					"$(inherited)",
					"@executable_path/Frameworks",
				);
				PRODUCT_BUNDLE_IDENTIFIER = edu.au.deakin.215268758.AppCameraRecorder;
				PRODUCT_NAME = "$(TARGET_NAME)";
				SWIFT_VERSION = 4.0;
				TARGETED_DEVICE_FAMILY = "1,2";
			};
			name = Release;
		};
/* End XCBuildConfiguration section */

/* Begin XCConfigurationList section */
		50287F3520A6A979007EF7B0 /* Build configuration list for PBXProject "AppCameraRecorder" */ = {
			isa = XCConfigurationList;
			buildConfigurations = (
				50287F4C20A6A989007EF7B0 /* Debug */,
				50287F4D20A6A989007EF7B0 /* Release */,
			);
			defaultConfigurationIsVisible = 0;
			defaultConfigurationName = Release;
		};
		50287F4E20A6A989007EF7B0 /* Build configuration list for PBXNativeTarget "AppCameraRecorder" */ = {
			isa = XCConfigurationList;
			buildConfigurations = (
				50287F4F20A6A989007EF7B0 /* Debug */,
				50287F5020A6A989007EF7B0 /* Release */,
			);
			defaultConfigurationIsVisible = 0;
			defaultConfigurationName = Release;
		};
/* End XCConfigurationList section */
	};
	rootObject = 50287F3220A6A979007EF7B0 /* Project object */;
}
